
Microsoft Visual Studio Solution File, Format Version 12.00
# Visual Studio Version 17
VisualStudioVersion = 17.2.32526.322
MinimumVisualStudioVersion = 10.0.40219.1
Project("{FAE04EC0-301F-11D3-BF4B-00C04F79EFBC}") = "ICD.ABM.DigitalFutures22.Core", "ICD.ABM.DigitalFutures22.Core.csproj", "{81E993B7-BC42-440B-AF87-1B64FDD88619}"
EndProject
Project("{9A19103F-16F7-4668-BE54-9A1E7A4F7556}") = "ICD.ABM.DigitalFutures22.Grasshopper", "..\ICD.ABM.DigitalFutures22.Grasshopper\ICD.ABM.DigitalFutures22.Grasshopper.csproj", "{20B2778D-FC1C-48CF-8A7B-1045E680587A}"
EndProject
Global
	GlobalSection(SolutionConfigurationPlatforms) = preSolution
		Debug|Any CPU = Debug|Any CPU
		Debug|x64 = Debug|x64
		Release|Any CPU = Release|Any CPU
		Release|x64 = Release|x64
	EndGlobalSection
	GlobalSection(ProjectConfigurationPlatforms) = postSolution
		{81E993B7-BC42-440B-AF87-1B64FDD88619}.Debug|Any CPU.ActiveCfg = Debug|Any CPU
		{81E993B7-BC42-440B-AF87-1B64FDD88619}.Debug|Any CPU.Build.0 = Debug|Any CPU
		{81E993B7-BC42-440B-AF87-1B64FDD88619}.Debug|x64.ActiveCfg = Debug|x64
		{81E993B7-BC42-440B-AF87-1B64FDD88619}.Debug|x64.Build.0 = Debug|x64
		{81E993B7-BC42-440B-AF87-1B64FDD88619}.Release|Any CPU.ActiveCfg = Release|Any CPU
		{81E993B7-BC42-440B-AF87-1B64FDD88619}.Release|Any CPU.Build.0 = Release|Any CPU
		{81E993B7-BC42-440B-AF87-1B64FDD88619}.Release|x64.ActiveCfg = Release|x64
		{81E993B7-BC42-440B-AF87-1B64FDD88619}.Release|x64.Build.0 = Release|x64
		{20B2778D-FC1C-48CF-8A7B-1045E680587A}.Debug|Any CPU.ActiveCfg = Debug|Any CPU
		{20B2778D-FC1C-48CF-8A7B-1045E680587A}.Debug|Any CPU.Build.0 = Debug|Any CPU
		{20B2778D-FC1C-48CF-8A7B-1045E680587A}.Debug|x64.ActiveCfg = Debug|Any CPU
		{20B2778D-FC1C-48CF-8A7B-1045E680587A}.Debug|x64.Build.0 = Debug|Any CPU
		{20B2778D-FC1C-48CF-8A7B-1045E680587A}.Release|Any CPU.ActiveCfg = Release|Any CPU
		{20B2778D-FC1C-48CF-8A7B-1045E680587A}.Release|Any CPU.Build.0 = Release|Any CPU
		{20B2778D-FC1C-48CF-8A7B-1045E680587A}.Release|x64.ActiveCfg = Release|Any CPU
		{20B2778D-FC1C-48CF-8A7B-1045E680587A}.Release|x64.Build.0 = Release|Any CPU
	EndGlobalSection
	GlobalSection(SolutionProperties) = preSolution
		HideSolutionNode = FALSE
	EndGlobalSection
	GlobalSection(ExtensibilityGlobals) = postSolution
		SolutionGuid = {D70CDFF9-9C5A-4451-9C99-B2642DE83F32}
	EndGlobalSection
EndGlobal
